
Microsoft Visual Studio Solution File, Format Version 12.00
# Visual Studio Version 16
VisualStudioVersion = 16.0.29306.81
MinimumVisualStudioVersion = 10.0.40219.1
Project("{FAE04EC0-301F-11D3-BF4B-00C04F79EFBC}") = "FontandColor2", "FontandColor2\FontandColor2.csproj", "{513C2C4C-6544-4F4C-9383-40A11D6978DD}"
EndProject
Global
	GlobalSection(SolutionConfigurationPlatforms) = preSolution
		Debug|Any CPU = Debug|Any CPU
		Release|Any CPU = Release|Any CPU
	EndGlobalSection
	GlobalSection(ProjectConfigurationPlatforms) = postSolution
		{513C2C4C-6544-4F4C-9383-40A11D6978DD}.Debug|Any CPU.ActiveCfg = Debug|Any CPU
		{513C2C4C-6544-4F4C-9383-40A11D6978DD}.Debug|Any CPU.Build.0 = Debug|Any CPU
		{513C2C4C-6544-4F4C-9383-40A11D6978DD}.Release|Any CPU.ActiveCfg = Release|Any CPU
		{513C2C4C-6544-4F4C-9383-40A11D6978DD}.Release|Any CPU.Build.0 = Release|Any CPU
	EndGlobalSection
	GlobalSection(SolutionProperties) = preSolution
		HideSolutionNode = FALSE
	EndGlobalSection
	GlobalSection(ExtensibilityGlobals) = postSolution
		SolutionGuid = {16F099BF-7476-44CE-954A-E9DF6BDD9DE2}
	EndGlobalSection
EndGlobal
